
Microsoft Visual Studio Solution File, Format Version 12.00
# Visual Studio 15
VisualStudioVersion = 15.0.27130.2027
MinimumVisualStudioVersion = 10.0.40219.1
Project("{FAE04EC0-301F-11D3-BF4B-00C04F79EFBC}") = "christmasToys", "christmasToys\christmasToys.csproj", "{9549F5CD-BBCF-420A-92B2-DFE126B7BD9E}"
EndProject
Global
	GlobalSection(SolutionConfigurationPlatforms) = preSolution
		Debug|Any CPU = Debug|Any CPU
		Release|Any CPU = Release|Any CPU
	EndGlobalSection
	GlobalSection(ProjectConfigurationPlatforms) = postSolution
		{9549F5CD-BBCF-420A-92B2-DFE126B7BD9E}.Debug|Any CPU.ActiveCfg = Debug|Any CPU
		{9549F5CD-BBCF-420A-92B2-DFE126B7BD9E}.Debug|Any CPU.Build.0 = Debug|Any CPU
		{9549F5CD-BBCF-420A-92B2-DFE126B7BD9E}.Release|Any CPU.ActiveCfg = Release|Any CPU
		{9549F5CD-BBCF-420A-92B2-DFE126B7BD9E}.Release|Any CPU.Build.0 = Release|Any CPU
	EndGlobalSection
	GlobalSection(SolutionProperties) = preSolution
		HideSolutionNode = FALSE
	EndGlobalSection
	GlobalSection(ExtensibilityGlobals) = postSolution
		SolutionGuid = {87745C55-5F1C-452B-81EC-6B45350D3B67}
	EndGlobalSection
EndGlobal
